
Microsoft Visual Studio Solution File, Format Version 12.00
# Visual Studio 15
VisualStudioVersion = 15.0.26124.0
MinimumVisualStudioVersion = 15.0.26124.0
Project("{FAE04EC0-301F-11D3-BF4B-00C04F79EFBC}") = "Product", "Product\Product.csproj", "{37672654-6125-496A-B8E0-CBD02FB0976F}"
EndProject
Project("{FAE04EC0-301F-11D3-BF4B-00C04F79EFBC}") = "test-lib", "test-lib\test-lib.csproj", "{397C5589-11A5-42E0-B1EB-418936EFDC43}"
EndProject
Project("{FAE04EC0-301F-11D3-BF4B-00C04F79EFBC}") = "ProductService", "ProductService\ProductService.csproj", "{76D5AE06-655C-4983-9679-455D54D09CCB}"
EndProject
Global
	GlobalSection(SolutionConfigurationPlatforms) = preSolution
		Debug|Any CPU = Debug|Any CPU
		Debug|x64 = Debug|x64
		Debug|x86 = Debug|x86
		Release|Any CPU = Release|Any CPU
		Release|x64 = Release|x64
		Release|x86 = Release|x86
	EndGlobalSection
	GlobalSection(SolutionProperties) = preSolution
		HideSolutionNode = FALSE
	EndGlobalSection
	GlobalSection(ProjectConfigurationPlatforms) = postSolution
		{37672654-6125-496A-B8E0-CBD02FB0976F}.Debug|Any CPU.ActiveCfg = Debug|Any CPU
		{37672654-6125-496A-B8E0-CBD02FB0976F}.Debug|Any CPU.Build.0 = Debug|Any CPU
		{37672654-6125-496A-B8E0-CBD02FB0976F}.Debug|x64.ActiveCfg = Debug|Any CPU
		{37672654-6125-496A-B8E0-CBD02FB0976F}.Debug|x64.Build.0 = Debug|Any CPU
		{37672654-6125-496A-B8E0-CBD02FB0976F}.Debug|x86.ActiveCfg = Debug|Any CPU
		{37672654-6125-496A-B8E0-CBD02FB0976F}.Debug|x86.Build.0 = Debug|Any CPU
		{37672654-6125-496A-B8E0-CBD02FB0976F}.Release|Any CPU.ActiveCfg = Release|Any CPU
		{37672654-6125-496A-B8E0-CBD02FB0976F}.Release|Any CPU.Build.0 = Release|Any CPU
		{37672654-6125-496A-B8E0-CBD02FB0976F}.Release|x64.ActiveCfg = Release|Any CPU
		{37672654-6125-496A-B8E0-CBD02FB0976F}.Release|x64.Build.0 = Release|Any CPU
		{37672654-6125-496A-B8E0-CBD02FB0976F}.Release|x86.ActiveCfg = Release|Any CPU
		{37672654-6125-496A-B8E0-CBD02FB0976F}.Release|x86.Build.0 = Release|Any CPU
		{397C5589-11A5-42E0-B1EB-418936EFDC43}.Debug|Any CPU.ActiveCfg = Debug|Any CPU
		{397C5589-11A5-42E0-B1EB-418936EFDC43}.Debug|Any CPU.Build.0 = Debug|Any CPU
		{397C5589-11A5-42E0-B1EB-418936EFDC43}.Debug|x64.ActiveCfg = Debug|Any CPU
		{397C5589-11A5-42E0-B1EB-418936EFDC43}.Debug|x64.Build.0 = Debug|Any CPU
		{397C5589-11A5-42E0-B1EB-418936EFDC43}.Debug|x86.ActiveCfg = Debug|Any CPU
		{397C5589-11A5-42E0-B1EB-418936EFDC43}.Debug|x86.Build.0 = Debug|Any CPU
		{397C5589-11A5-42E0-B1EB-418936EFDC43}.Release|Any CPU.ActiveCfg = Release|Any CPU
		{397C5589-11A5-42E0-B1EB-418936EFDC43}.Release|Any CPU.Build.0 = Release|Any CPU
		{397C5589-11A5-42E0-B1EB-418936EFDC43}.Release|x64.ActiveCfg = Release|Any CPU
		{397C5589-11A5-42E0-B1EB-418936EFDC43}.Release|x64.Build.0 = Release|Any CPU
		{397C5589-11A5-42E0-B1EB-418936EFDC43}.Release|x86.ActiveCfg = Release|Any CPU
		{397C5589-11A5-42E0-B1EB-418936EFDC43}.Release|x86.Build.0 = Release|Any CPU
		{76D5AE06-655C-4983-9679-455D54D09CCB}.Debug|Any CPU.ActiveCfg = Debug|Any CPU
		{76D5AE06-655C-4983-9679-455D54D09CCB}.Debug|Any CPU.Build.0 = Debug|Any CPU
		{76D5AE06-655C-4983-9679-455D54D09CCB}.Debug|x64.ActiveCfg = Debug|Any CPU
		{76D5AE06-655C-4983-9679-455D54D09CCB}.Debug|x64.Build.0 = Debug|Any CPU
		{76D5AE06-655C-4983-9679-455D54D09CCB}.Debug|x86.ActiveCfg = Debug|Any CPU
		{76D5AE06-655C-4983-9679-455D54D09CCB}.Debug|x86.Build.0 = Debug|Any CPU
		{76D5AE06-655C-4983-9679-455D54D09CCB}.Release|Any CPU.ActiveCfg = Release|Any CPU
		{76D5AE06-655C-4983-9679-455D54D09CCB}.Release|Any CPU.Build.0 = Release|Any CPU
		{76D5AE06-655C-4983-9679-455D54D09CCB}.Release|x64.ActiveCfg = Release|Any CPU
		{76D5AE06-655C-4983-9679-455D54D09CCB}.Release|x64.Build.0 = Release|Any CPU
		{76D5AE06-655C-4983-9679-455D54D09CCB}.Release|x86.ActiveCfg = Release|Any CPU
		{76D5AE06-655C-4983-9679-455D54D09CCB}.Release|x86.Build.0 = Release|Any CPU
	EndGlobalSection
EndGlobal
